
Microsoft Visual Studio Solution File, Format Version 12.00
# Visual Studio Version 17
VisualStudioVersion = 17.1.32210.238
MinimumVisualStudioVersion = 10.0.40219.1
Project("{2150E333-8FDC-42A3-9474-1A3956D46DE8}") = "src", "src", "{D2A74C4C-1E22-48DA-9220-121D34648266}"
EndProject
Project("{6EC3EE1D-3C4E-46DD-8F32-0CC8E7565705}") = "App", "src\App\App.fsproj", "{23A87ABE-038D-4AEE-A1CC-E75BC57651A9}"
EndProject
Project("{F2A71F9B-5D33-465A-A702-920D77279786}") = "Library", "src\Library\Library.fsproj", "{027C6316-0B05-4BE2-A572-6D6175EAF4FC}"
EndProject
Global
	GlobalSection(SolutionConfigurationPlatforms) = preSolution
		Debug|Any CPU = Debug|Any CPU
		Release|Any CPU = Release|Any CPU
	EndGlobalSection
	GlobalSection(ProjectConfigurationPlatforms) = postSolution
		{23A87ABE-038D-4AEE-A1CC-E75BC57651A9}.Debug|Any CPU.ActiveCfg = Debug|Any CPU
		{23A87ABE-038D-4AEE-A1CC-E75BC57651A9}.Debug|Any CPU.Build.0 = Debug|Any CPU
		{23A87ABE-038D-4AEE-A1CC-E75BC57651A9}.Release|Any CPU.ActiveCfg = Release|Any CPU
		{23A87ABE-038D-4AEE-A1CC-E75BC57651A9}.Release|Any CPU.Build.0 = Release|Any CPU
		{027C6316-0B05-4BE2-A572-6D6175EAF4FC}.Debug|Any CPU.ActiveCfg = Debug|Any CPU
		{027C6316-0B05-4BE2-A572-6D6175EAF4FC}.Debug|Any CPU.Build.0 = Debug|Any CPU
		{027C6316-0B05-4BE2-A572-6D6175EAF4FC}.Release|Any CPU.ActiveCfg = Release|Any CPU
		{027C6316-0B05-4BE2-A572-6D6175EAF4FC}.Release|Any CPU.Build.0 = Release|Any CPU
	EndGlobalSection
	GlobalSection(SolutionProperties) = preSolution
		HideSolutionNode = FALSE
	EndGlobalSection
	GlobalSection(NestedProjects) = preSolution
		{23A87ABE-038D-4AEE-A1CC-E75BC57651A9} = {D2A74C4C-1E22-48DA-9220-121D34648266}
		{027C6316-0B05-4BE2-A572-6D6175EAF4FC} = {D2A74C4C-1E22-48DA-9220-121D34648266}
	EndGlobalSection
	GlobalSection(ExtensibilityGlobals) = postSolution
		SolutionGuid = {0F767407-253D-46E3-9B26-6A9A0595AD61}
	EndGlobalSection
EndGlobal
